schema: '2.0'
stages:
  preprocess_cytosis:
    cmd: python src/preprocess_cytosis.py --input 
      data/processed/model_1/cleaned_data.csv --outdir data/processed_cytosis
    deps:
    - path: data/processed/model_1/cleaned_data.csv
      hash: md5
      md5: fd92340cce01183a92291fbaabb0986f
      size: 121928
    - path: src/preprocess_cytosis.py
      hash: md5
      md5: d5e8f8e1db87b146c6d591d4042fb4e5
      size: 1549
    outs:
    - path: data/processed_cytosis
      hash: md5
      md5: 354693fcfd46a3ce74a42b993e2ea0d0.dir
      size: 341665
      nfiles: 5
  train_cytosis:
    cmd: python src/train_cytosis.py --datadir data/processed_cytosis --params 
      params.yaml --modeldir models/cytosis --metrics metrics_cytosis.json
    deps:
    - path: data/processed_cytosis
      hash: md5
      md5: 354693fcfd46a3ce74a42b993e2ea0d0.dir
      size: 341665
      nfiles: 5
    - path: params.yaml
      hash: md5
      md5: 21bb00a1f7e323c536a69c2030e7f594
      size: 971
    - path: src/train_cytosis.py
      hash: md5
      md5: 8d91018ae8ee5cd6fe1920d4af2e5a3e
      size: 2454
    outs:
    - path: metrics_cytosis.json
      hash: md5
      md5: 04bfb52610cb1880085dbed9c7155efc
      size: 99
    - path: models/cytosis
      hash: md5
      md5: f808ca2355a643529e52cd3a7d9dc492.dir
      size: 1620
      nfiles: 1
  preprocess_images:
    cmd: python src/preprocess_images.py --params params.yaml
    deps:
    - path: data/raw/model_2/test
      hash: md5
      md5: 0071aa883b585d3295d48cd910236711.dir
      size: 18741944
      nfiles: 1908
    - path: data/raw/model_2/train
      hash: md5
      md5: b57c52acf3b15d3ea924179877be04ac.dir
      size: 37955319
      nfiles: 3816
    - path: data/raw/model_2/val
      hash: md5
      md5: 03e6a2e30a67fd211e0d7b3bd16bc6ad.dir
      size: 18784715
      nfiles: 1908
    - path: src/preprocess_images.py
      hash: md5
      md5: 57a72374b8cbaa68ac537ec8cf63da34
      size: 1328
    outs:
    - path: data/processed/image_data
      hash: md5
      md5: 7f550319fc321ae24cdae92cc6889b80.dir
      size: 4595366416
      nfiles: 9
